
Microsoft Visual Studio Solution File, Format Version 12.00
# Visual Studio Version 16
VisualStudioVersion = 16.0.29418.71
MinimumVisualStudioVersion = 10.0.40219.1
Project("{FAE04EC0-301F-11D3-BF4B-00C04F79EFBC}") = "BearAdapter", "BearAdapter\BearAdapter.csproj", "{657CB7B1-6BBC-4CF1-9F7A-6921D1384232}"
EndProject
Project("{FAE04EC0-301F-11D3-BF4B-00C04F79EFBC}") = "Descompressor", "Descompressor\Descompressor.csproj", "{36A02CC3-F988-422F-ABC3-3CF5E8CD43E1}"
EndProject
Global
	GlobalSection(SolutionConfigurationPlatforms) = preSolution
		Debug|Any CPU = Debug|Any CPU
		Release|Any CPU = Release|Any CPU
	EndGlobalSection
	GlobalSection(ProjectConfigurationPlatforms) = postSolution
		{657CB7B1-6BBC-4CF1-9F7A-6921D1384232}.Debug|Any CPU.ActiveCfg = Debug|Any CPU
		{657CB7B1-6BBC-4CF1-9F7A-6921D1384232}.Debug|Any CPU.Build.0 = Debug|Any CPU
		{657CB7B1-6BBC-4CF1-9F7A-6921D1384232}.Release|Any CPU.ActiveCfg = Release|Any CPU
		{657CB7B1-6BBC-4CF1-9F7A-6921D1384232}.Release|Any CPU.Build.0 = Release|Any CPU
		{36A02CC3-F988-422F-ABC3-3CF5E8CD43E1}.Debug|Any CPU.ActiveCfg = Debug|Any CPU
		{36A02CC3-F988-422F-ABC3-3CF5E8CD43E1}.Debug|Any CPU.Build.0 = Debug|Any CPU
		{36A02CC3-F988-422F-ABC3-3CF5E8CD43E1}.Release|Any CPU.ActiveCfg = Release|Any CPU
		{36A02CC3-F988-422F-ABC3-3CF5E8CD43E1}.Release|Any CPU.Build.0 = Release|Any CPU
	EndGlobalSection
	GlobalSection(SolutionProperties) = preSolution
		HideSolutionNode = FALSE
	EndGlobalSection
	GlobalSection(ExtensibilityGlobals) = postSolution
		SolutionGuid = {39136522-BB27-4754-B871-B6E90604E823}
	EndGlobalSection
EndGlobal
